
Microsoft Visual Studio Solution File, Format Version 12.00
# Visual Studio Version 17
VisualStudioVersion = 17.4.33205.214
MinimumVisualStudioVersion = 10.0.40219.1
Project("{FAE04EC0-301F-11D3-BF4B-00C04F79EFBC}") = "UI-Console", "UI-Console\UI-Console.csproj", "{4E6505AE-09C0-4EE2-94A7-B1BC475FC040}"
EndProject
Project("{FAE04EC0-301F-11D3-BF4B-00C04F79EFBC}") = "Bussiness_Logic", "Bussiness_Logic\Bussiness_Logic.csproj", "{DAE291AF-2E70-4D42-9A49-F9A151317BC7}"
EndProject
Project("{FAE04EC0-301F-11D3-BF4B-00C04F79EFBC}") = "TestProject1", "TestProject1\TestProject1.csproj", "{AE28B75F-D590-4EEE-8B79-52DF45D2D65B}"
EndProject
Project("{FAE04EC0-301F-11D3-BF4B-00C04F79EFBC}") = "Fluent_Api", "Fluent_Api\Fluent_Api.csproj", "{8A4135DD-BF07-4D19-B17B-42C84CDE505A}"
EndProject
Global
	GlobalSection(SolutionConfigurationPlatforms) = preSolution
		Debug|Any CPU = Debug|Any CPU
		Release|Any CPU = Release|Any CPU
	EndGlobalSection
	GlobalSection(ProjectConfigurationPlatforms) = postSolution
		{4E6505AE-09C0-4EE2-94A7-B1BC475FC040}.Debug|Any CPU.ActiveCfg = Debug|Any CPU
		{4E6505AE-09C0-4EE2-94A7-B1BC475FC040}.Debug|Any CPU.Build.0 = Debug|Any CPU
		{4E6505AE-09C0-4EE2-94A7-B1BC475FC040}.Release|Any CPU.ActiveCfg = Release|Any CPU
		{4E6505AE-09C0-4EE2-94A7-B1BC475FC040}.Release|Any CPU.Build.0 = Release|Any CPU
		{DAE291AF-2E70-4D42-9A49-F9A151317BC7}.Debug|Any CPU.ActiveCfg = Debug|Any CPU
		{DAE291AF-2E70-4D42-9A49-F9A151317BC7}.Debug|Any CPU.Build.0 = Debug|Any CPU
		{DAE291AF-2E70-4D42-9A49-F9A151317BC7}.Release|Any CPU.ActiveCfg = Release|Any CPU
		{DAE291AF-2E70-4D42-9A49-F9A151317BC7}.Release|Any CPU.Build.0 = Release|Any CPU
		{AE28B75F-D590-4EEE-8B79-52DF45D2D65B}.Debug|Any CPU.ActiveCfg = Debug|Any CPU
		{AE28B75F-D590-4EEE-8B79-52DF45D2D65B}.Debug|Any CPU.Build.0 = Debug|Any CPU
		{AE28B75F-D590-4EEE-8B79-52DF45D2D65B}.Release|Any CPU.ActiveCfg = Release|Any CPU
		{AE28B75F-D590-4EEE-8B79-52DF45D2D65B}.Release|Any CPU.Build.0 = Release|Any CPU
		{8A4135DD-BF07-4D19-B17B-42C84CDE505A}.Debug|Any CPU.ActiveCfg = Debug|Any CPU
		{8A4135DD-BF07-4D19-B17B-42C84CDE505A}.Debug|Any CPU.Build.0 = Debug|Any CPU
		{8A4135DD-BF07-4D19-B17B-42C84CDE505A}.Release|Any CPU.ActiveCfg = Release|Any CPU
		{8A4135DD-BF07-4D19-B17B-42C84CDE505A}.Release|Any CPU.Build.0 = Release|Any CPU
	EndGlobalSection
	GlobalSection(SolutionProperties) = preSolution
		HideSolutionNode = FALSE
	EndGlobalSection
	GlobalSection(ExtensibilityGlobals) = postSolution
		SolutionGuid = {CB199EED-F5D7-4535-8861-BC3EA0CCFD19}
	EndGlobalSection
EndGlobal
